
Microsoft Visual Studio Solution File, Format Version 12.00
# Visual Studio for Mac
Project("{FAE04EC0-301F-11D3-BF4B-00C04F79EFBC}") = "Assembly-CSharp", "Assembly-CSharp.csproj", "{A51EAB74-069B-4424-16F2-F866863486B0}"
EndProject
Project("{FAE04EC0-301F-11D3-BF4B-00C04F79EFBC}") = "Assembly-CSharp-Editor", "Assembly-CSharp-Editor.csproj", "{6B1F09C4-8B48-A112-F485-3EF5A4614D41}"
EndProject
Global
	GlobalSection(SolutionConfigurationPlatforms) = preSolution
		Debug|Any CPU = Debug|Any CPU
		Release|Any CPU = Release|Any CPU
	EndGlobalSection
	GlobalSection(ProjectConfigurationPlatforms) = postSolution
		{A51EAB74-069B-4424-16F2-F866863486B0}.Debug|Any CPU.ActiveCfg = Debug|Any CPU
		{A51EAB74-069B-4424-16F2-F866863486B0}.Debug|Any CPU.Build.0 = Debug|Any CPU
		{A51EAB74-069B-4424-16F2-F866863486B0}.Release|Any CPU.ActiveCfg = Release|Any CPU
		{A51EAB74-069B-4424-16F2-F866863486B0}.Release|Any CPU.Build.0 = Release|Any CPU
		{6B1F09C4-8B48-A112-F485-3EF5A4614D41}.Debug|Any CPU.ActiveCfg = Debug|Any CPU
		{6B1F09C4-8B48-A112-F485-3EF5A4614D41}.Debug|Any CPU.Build.0 = Debug|Any CPU
		{6B1F09C4-8B48-A112-F485-3EF5A4614D41}.Release|Any CPU.ActiveCfg = Release|Any CPU
		{6B1F09C4-8B48-A112-F485-3EF5A4614D41}.Release|Any CPU.Build.0 = Release|Any CPU
	EndGlobalSection
	GlobalSection(SolutionProperties) = preSolution
		HideSolutionNode = FALSE
	EndGlobalSection
EndGlobal
