
Microsoft Visual Studio Solution File, Format Version 12.00
# Visual Studio for Mac
Project("{FAE04EC0-301F-11D3-BF4B-00C04F79EFBC}") = "Assembly-CSharp", "Assembly-CSharp.csproj", "{C5D4D21A-2404-4B40-1D13-E05690447E5A}"
EndProject
Project("{FAE04EC0-301F-11D3-BF4B-00C04F79EFBC}") = "Assembly-CSharp-Editor", "Assembly-CSharp-Editor.csproj", "{9DC94446-8FF1-8B90-DC83-607558AF700E}"
EndProject
Global
	GlobalSection(SolutionConfigurationPlatforms) = preSolution
		Debug|Any CPU = Debug|Any CPU
		Release|Any CPU = Release|Any CPU
	EndGlobalSection
	GlobalSection(ProjectConfigurationPlatforms) = postSolution
		{C5D4D21A-2404-4B40-1D13-E05690447E5A}.Debug|Any CPU.ActiveCfg = Debug|Any CPU
		{C5D4D21A-2404-4B40-1D13-E05690447E5A}.Debug|Any CPU.Build.0 = Debug|Any CPU
		{C5D4D21A-2404-4B40-1D13-E05690447E5A}.Release|Any CPU.ActiveCfg = Release|Any CPU
		{C5D4D21A-2404-4B40-1D13-E05690447E5A}.Release|Any CPU.Build.0 = Release|Any CPU
		{9DC94446-8FF1-8B90-DC83-607558AF700E}.Debug|Any CPU.ActiveCfg = Debug|Any CPU
		{9DC94446-8FF1-8B90-DC83-607558AF700E}.Debug|Any CPU.Build.0 = Debug|Any CPU
		{9DC94446-8FF1-8B90-DC83-607558AF700E}.Release|Any CPU.ActiveCfg = Release|Any CPU
		{9DC94446-8FF1-8B90-DC83-607558AF700E}.Release|Any CPU.Build.0 = Release|Any CPU
	EndGlobalSection
	GlobalSection(SolutionProperties) = preSolution
		HideSolutionNode = FALSE
	EndGlobalSection
EndGlobal
